github.com/gonuts/commander v0.1.0 h1:EcDTiVw9oAVORFjQOEOuHQqcl6OXMyTgELocTq6zJ0I=
github.com/gonuts/commander v0.1.0/go.mod h1:qkb5mSlcWodYgo7vs8ulLnXhfinhZsZcm6+H/z1JjgY=
github.com/gonuts/flag v0.1.0 h1:fqMv/MZ+oNGu0i9gp0/IQ/ZaPIDoAZBOBaJoV7viCWM=
github.com/gonuts/flag v0.1.0/go.mod h1:ZTmTGtrSPejTo/SRNhCqwLTmiAgyBdCkLYhHrAoBdz4=
github.com/pkg/errors v0.8.1 h1:iURUrRGxPUNPdy5/HRSm+Yj6okJ6UtLINN0Q9M4+h3I=
github.com/pkg/errors v0.8.1/go.mod h1:bwawxfHBFNV+L2hUp1rHADufV3IMtnDRdf1r5NINEl0=
